# This file is autogenerated, do not edit; changes may be undone by the next 'dep ensure'.


[[projects]]
  branch = "master"
  name = "github.com/agtorre/gocolorize"
  packages = ["."]
  revision = "99fea4bc9517f07eea8194702cb7076f4845b7de"

[[projects]]
  branch = "master"
  name = "github.com/jinzhu/gorm"
  packages = [".","dialects/postgres"]
  revision = "9acaa33324bbcc78239a1c913d4f1292c12177b9"

[[projects]]
  branch = "master"
  name = "github.com/jinzhu/inflection"
  packages = ["."]
  revision = "1c35d901db3da928c72a72d8458480cc9ade058f"

[[projects]]
  branch = "master"
  name = "github.com/klauspost/compress"
  packages = ["flate","gzip","zlib"]
  revision = "f3dce52e0576655d55fd69e74b63da96ad1108f3"

[[projects]]
  branch = "master"
  name = "github.com/klauspost/cpuid"
  packages = ["."]
  revision = "09cded8978dc9e80714c4d85b0322337b0a1e5e0"

[[projects]]
  branch = "master"
  name = "github.com/lib/pq"
  packages = [".","hstore","oid"]
  revision = "91f10e40ba0dd2d0bf9f93ec1d4077711a78df88"

[[projects]]
  branch = "master"
  name = "github.com/revel/config"
  packages = ["."]
  revision = "662332b741dd464a886ab0901379c02b9bc5dc30"

[[projects]]
  branch = "master"
  name = "github.com/revel/modules"
  packages = ["static/app/controllers","testrunner/app","testrunner/app/controllers"]
  revision = "209cc8b2b7ed93a55067bc0db97707b1432e49c4"

[[projects]]
  branch = "master"
  name = "github.com/revel/revel"
  packages = [".","testing"]
  revision = "8b511737be1349346965fddaf7c107017c0c1b9a"

[[projects]]
  branch = "master"
  name = "github.com/robfig/pathtree"
  packages = ["."]
  revision = "41257a1839e945fce74afd070e02bab2ea2c776a"

[[projects]]
  branch = "master"
  name = "golang.org/x/net"
  packages = ["websocket"]
  revision = "3da985ce5951d99de868be4385f21ea6c2b22f24"

[[projects]]
  name = "gopkg.in/fsnotify.v1"
  packages = ["."]
  revision = "836bfd95fecc0f1511dd66bdbf2b5b61ab8b00b6"
  version = "v1.2.11"

[solve-meta]
  analyzer-name = "dep"
  analyzer-version = 1
  inputs-digest = "8d0525c1851d255a55c52803597f999022bf0e537e5beac87031459cea817649"
  solver-name = "gps-cdcl"
  solver-version = 1
